// !$*UTF8*$!
{
	archiveVersion = 1;
	classes = {
	};
	objectVersion = 77;
	objects = {

/* Begin PBXBuildFile section */
		7FB0E5AC0DFACF1CCD6EB4EB /* Supabase in Frameworks */ = {isa = PBXBuildFile; productRef = 0D227F8247D2E027CD98DB6A /* Supabase */; };
		9353B3E130127E3000D754B7 /* WidgetKit.framework in Frameworks */ = {isa = PBXBuildFile; fileRef = 9353B3E030127E2F00D754B7 /* WidgetKit.framework */; };
		9353B3E330127E3000D754B7 /* SwiftUI.framework in Frameworks */ = {isa = PBXBuildFile; fileRef = 9353B3E230127E3000D754B7 /* SwiftUI.framework */; };
		9353B3F230127E3100D754B7 /* BaluarteWidgetsExtension.appex in Embed Foundation Extensions */ = {isa = PBXBuildFile; fileRef = 9353B3DE30127E2F00D754B7 /* BaluarteWidgetsExtension.appex */; settings = {ATTRIBUTES = (RemoveHeadersOnCopy, ); }; };
/* End PBXBuildFile section */

/* Begin PBXContainerItemProxy section */
		9353B3A03011A47C00D754B7 /* PBXContainerItemProxy */ = {
			isa = PBXContainerItemProxy;
			containerPortal = 932EA1763006CB3D00CD22BF /* Project object */;
			proxyType = 1;
			remoteGlobalIDString = 932EA17D3006CB3D00CD22BF;
			remoteInfo = Baluarte;
		};
		9353B3F030127E3100D754B7 /* PBXContainerItemProxy */ = {
			isa = PBXContainerItemProxy;
			containerPortal = 932EA1763006CB3D00CD22BF /* Project object */;
			proxyType = 1;
			remoteGlobalIDString = 9353B3DD30127E2F00D754B7;
			remoteInfo = BaluarteWidgetsExtension;
		};
		938AD993302118B200314177 /* PBXContainerItemProxy */ = {
			isa = PBXContainerItemProxy;
			containerPortal = 932EA1763006CB3D00CD22BF /* Project object */;
			proxyType = 1;
			remoteGlobalIDString = 932EA17D3006CB3D00CD22BF;
			remoteInfo = Baluarte;
		};
/* End PBXContainerItemProxy section */

/* Begin PBXCopyFilesBuildPhase section */
		9353B3F730127E3100D754B7 /* Embed Foundation Extensions */ = {
			isa = PBXCopyFilesBuildPhase;
			buildActionMask = 2147483647;
			dstPath = "";
			dstSubfolderSpec = 13;
			files = (
				9353B3F230127E3100D754B7 /* BaluarteWidgetsExtension.appex in Embed Foundation Extensions */,
			);
			name = "Embed Foundation Extensions";
			runOnlyForDeploymentPostprocessing = 0;
		};
/* End PBXCopyFilesBuildPhase section */

/* Begin PBXFileReference section */
		932EA17E3006CB3D00CD22BF /* Baluarte.app */ = {isa = PBXFileReference; explicitFileType = wrapper.application; includeInIndex = 0; path = Baluarte.app; sourceTree = BUILT_PRODUCTS_DIR; };
		9340A984301947550041096D /* BaluarteWidgetsExtension.entitlements */ = {isa = PBXFileReference; lastKnownFileType = text.plist.entitlements; path = BaluarteWidgetsExtension.entitlements; sourceTree = "<group>"; };
		9353B39C3011A47C00D754B7 /* BaluarteTests.xctest */ = {isa = PBXFileReference; explicitFileType = wrapper.cfbundle; includeInIndex = 0; path = BaluarteTests.xctest; sourceTree = BUILT_PRODUCTS_DIR; };
		9353B3DE30127E2F00D754B7 /* BaluarteWidgetsExtension.appex */ = {isa = PBXFileReference; explicitFileType = "wrapper.app-extension"; includeInIndex = 0; path = BaluarteWidgetsExtension.appex; sourceTree = BUILT_PRODUCTS_DIR; };
		9353B3E030127E2F00D754B7 /* WidgetKit.framework */ = {isa = PBXFileReference; lastKnownFileType = wrapper.framework; name = WidgetKit.framework; path = System/Library/Frameworks/WidgetKit.framework; sourceTree = SDKROOT; };
		9353B3E230127E3000D754B7 /* SwiftUI.framework */ = {isa = PBXFileReference; lastKnownFileType = wrapper.framework; name = SwiftUI.framework; path = System/Library/Frameworks/SwiftUI.framework; sourceTree = SDKROOT; };
		938AD98D302118B200314177 /* BaluarteUITests.xctest */ = {isa = PBXFileReference; explicitFileType = wrapper.cfbundle; includeInIndex = 0; path = BaluarteUITests.xctest; sourceTree = BUILT_PRODUCTS_DIR; };
/* End PBXFileReference section */

/* Begin PBXFileSystemSynchronizedBuildFileExceptionSet section */
		9353B3F330127E3100D754B7 /* Exceptions for "BaluarteWidgets" folder in "BaluarteWidgetsExtension" target */ = {
			isa = PBXFileSystemSynchronizedBuildFileExceptionSet;
			membershipExceptions = (
				Info.plist,
			);
			target = 9353B3DD30127E2F00D754B7 /* BaluarteWidgetsExtension */;
		};
		9353B4013012817900D754B7 /* Exceptions for "Baluarte" folder in "BaluarteWidgetsExtension" target */ = {
			isa = PBXFileSystemSynchronizedBuildFileExceptionSet;
			membershipExceptions = (
				Core/SupabaseSecrets.swift,
				Models/ChapterTask.swift,
				Models/Event.swift,
				Models/SupabaseDate.swift,
			);
			target = 9353B3DD30127E2F00D754B7 /* BaluarteWidgetsExtension */;
		};
/* End PBXFileSystemSynchronizedBuildFileExceptionSet section */

/* Begin PBXFileSystemSynchronizedRootGroup section */
		932EA1803006CB3D00CD22BF /* Baluarte */ = {
			isa = PBXFileSystemSynchronizedRootGroup;
			exceptions = (
				9353B4013012817900D754B7 /* Exceptions for "Baluarte" folder in "BaluarteWidgetsExtension" target */,
			);
			path = Baluarte;
			sourceTree = "<group>";
		};
		9353B39D3011A47C00D754B7 /* BaluarteTests */ = {
			isa = PBXFileSystemSynchronizedRootGroup;
			path = BaluarteTests;
			sourceTree = "<group>";
		};
		9353B3E430127E3000D754B7 /* BaluarteWidgets */ = {
			isa = PBXFileSystemSynchronizedRootGroup;
			exceptions = (
				9353B3F330127E3100D754B7 /* Exceptions for "BaluarteWidgets" folder in "BaluarteWidgetsExtension" target */,
			);
			path = BaluarteWidgets;
			sourceTree = "<group>";
		};
		938AD98E302118B200314177 /* BaluarteUITests */ = {
			isa = PBXFileSystemSynchronizedRootGroup;
			path = BaluarteUITests;
			sourceTree = "<group>";
		};
/* End PBXFileSystemSynchronizedRootGroup section */

/* Begin PBXFrameworksBuildPhase section */
		932EA17B3006CB3D00CD22BF /* Frameworks */ = {
			isa = PBXFrameworksBuildPhase;
			buildActionMask = 2147483647;
			files = (
				7FB0E5AC0DFACF1CCD6EB4EB /* Supabase in Frameworks */,
			);
			runOnlyForDeploymentPostprocessing = 0;
		};
		9353B3993011A47C00D754B7 /* Frameworks */ = {
			isa = PBXFrameworksBuildPhase;
			buildActionMask = 2147483647;
			files = (
			);
			runOnlyForDeploymentPostprocessing = 0;
		};
		9353B3DB30127E2F00D754B7 /* Frameworks */ = {
			isa = PBXFrameworksBuildPhase;
			buildActionMask = 2147483647;
			files = (
				9353B3E330127E3000D754B7 /* SwiftUI.framework in Frameworks */,
				9353B3E130127E3000D754B7 /* WidgetKit.framework in Frameworks */,
			);
			runOnlyForDeploymentPostprocessing = 0;
		};
		938AD98A302118B200314177 /* Frameworks */ = {
			isa = PBXFrameworksBuildPhase;
			buildActionMask = 2147483647;
			files = (
			);
			runOnlyForDeploymentPostprocessing = 0;
		};
/* End PBXFrameworksBuildPhase section */

/* Begin PBXGroup section */
		932EA1753006CB3D00CD22BF = {
			isa = PBXGroup;
			children = (
				9340A984301947550041096D /* BaluarteWidgetsExtension.entitlements */,
				932EA1803006CB3D00CD22BF /* Baluarte */,
				9353B39D3011A47C00D754B7 /* BaluarteTests */,
				9353B3E430127E3000D754B7 /* BaluarteWidgets */,
				938AD98E302118B200314177 /* BaluarteUITests */,
				9353B3DF30127E2F00D754B7 /* Frameworks */,
				932EA17F3006CB3D00CD22BF /* Products */,
			);
			sourceTree = "<group>";
		};
		932EA17F3006CB3D00CD22BF /* Products */ = {
			isa = PBXGroup;
			children = (
				932EA17E3006CB3D00CD22BF /* Baluarte.app */,
				9353B39C3011A47C00D754B7 /* BaluarteTests.xctest */,
				9353B3DE30127E2F00D754B7 /* BaluarteWidgetsExtension.appex */,
				938AD98D302118B200314177 /* BaluarteUITests.xctest */,
			);
			name = Products;
			sourceTree = "<group>";
		};
		9353B3DF30127E2F00D754B7 /* Frameworks */ = {
			isa = PBXGroup;
			children = (
				9353B3E030127E2F00D754B7 /* WidgetKit.framework */,
				9353B3E230127E3000D754B7 /* SwiftUI.framework */,
			);
			name = Frameworks;
			sourceTree = "<group>";
		};
/* End PBXGroup section */

/* Begin PBXNativeTarget section */
		932EA17D3006CB3D00CD22BF /* Baluarte */ = {
			isa = PBXNativeTarget;
			buildConfigurationList = 932EA1893006CB3E00CD22BF /* Build configuration list for PBXNativeTarget "Baluarte" */;
			buildPhases = (
				932EA17A3006CB3D00CD22BF /* Sources */,
				932EA17B3006CB3D00CD22BF /* Frameworks */,
				932EA17C3006CB3D00CD22BF /* Resources */,
				9353B3F730127E3100D754B7 /* Embed Foundation Extensions */,
			);
			buildRules = (
			);
			dependencies = (
				9353B3F130127E3100D754B7 /* PBXTargetDependency */,
			);
			fileSystemSynchronizedGroups = (
				932EA1803006CB3D00CD22BF /* Baluarte */,
			);
			name = Baluarte;
			packageProductDependencies = (
				0D227F8247D2E027CD98DB6A /* Supabase */,
			);
			productName = Baluarte;
			productReference = 932EA17E3006CB3D00CD22BF /* Baluarte.app */;
			productType = "com.apple.product-type.application";
		};
		9353B39B3011A47C00D754B7 /* BaluarteTests */ = {
			isa = PBXNativeTarget;
			buildConfigurationList = 9353B3A23011A47C00D754B7 /* Build configuration list for PBXNativeTarget "BaluarteTests" */;
			buildPhases = (
				9353B3983011A47C00D754B7 /* Sources */,
				9353B3993011A47C00D754B7 /* Frameworks */,
				9353B39A3011A47C00D754B7 /* Resources */,
			);
			buildRules = (
			);
			dependencies = (
				9353B3A13011A47C00D754B7 /* PBXTargetDependency */,
			);
			fileSystemSynchronizedGroups = (
				9353B39D3011A47C00D754B7 /* BaluarteTests */,
			);
			name = BaluarteTests;
			packageProductDependencies = (
			);
			productName = BaluarteTests;
			productReference = 9353B39C3011A47C00D754B7 /* BaluarteTests.xctest */;
			productType = "com.apple.product-type.bundle.unit-test";
		};
		9353B3DD30127E2F00D754B7 /* BaluarteWidgetsExtension */ = {
			isa = PBXNativeTarget;
			buildConfigurationList = 9353B3F430127E3100D754B7 /* Build configuration list for PBXNativeTarget "BaluarteWidgetsExtension" */;
			buildPhases = (
				9353B3DA30127E2F00D754B7 /* Sources */,
				9353B3DB30127E2F00D754B7 /* Frameworks */,
				9353B3DC30127E2F00D754B7 /* Resources */,
			);
			buildRules = (
			);
			dependencies = (
			);
			fileSystemSynchronizedGroups = (
				9353B3E430127E3000D754B7 /* BaluarteWidgets */,
			);
			name = BaluarteWidgetsExtension;
			packageProductDependencies = (
			);
			productName = BaluarteWidgetsExtension;
			productReference = 9353B3DE30127E2F00D754B7 /* BaluarteWidgetsExtension.appex */;
			productType = "com.apple.product-type.app-extension";
		};
		938AD98C302118B200314177 /* BaluarteUITests */ = {
			isa = PBXNativeTarget;
			buildConfigurationList = 938AD995302118B200314177 /* Build configuration list for PBXNativeTarget "BaluarteUITests" */;
			buildPhases = (
				938AD989302118B200314177 /* Sources */,
				938AD98A302118B200314177 /* Frameworks */,
				938AD98B302118B200314177 /* Resources */,
			);
			buildRules = (
			);
			dependencies = (
				938AD994302118B200314177 /* PBXTargetDependency */,
			);
			fileSystemSynchronizedGroups = (
				938AD98E302118B200314177 /* BaluarteUITests */,
			);
			name = BaluarteUITests;
			packageProductDependencies = (
			);
			productName = BaluarteUITests;
			productReference = 938AD98D302118B200314177 /* BaluarteUITests.xctest */;
			productType = "com.apple.product-type.bundle.ui-testing";
		};
/* End PBXNativeTarget section */

/* Begin PBXProject section */
		932EA1763006CB3D00CD22BF /* Project object */ = {
			isa = PBXProject;
			attributes = {
				BuildIndependentTargetsInParallel = 1;
				LastSwiftUpdateCheck = 2650;
				LastUpgradeCheck = 2650;
				TargetAttributes = {
					932EA17D3006CB3D00CD22BF = {
						CreatedOnToolsVersion = 26.5;
					};
					9353B39B3011A47C00D754B7 = {
						CreatedOnToolsVersion = 26.5;
						TestTargetID = 932EA17D3006CB3D00CD22BF;
					};
					9353B3DD30127E2F00D754B7 = {
						CreatedOnToolsVersion = 26.5;
					};
					938AD98C302118B200314177 = {
						CreatedOnToolsVersion = 26.5;
						TestTargetID = 932EA17D3006CB3D00CD22BF;
					};
				};
			};
			buildConfigurationList = 932EA1793006CB3D00CD22BF /* Build configuration list for PBXProject "Baluarte" */;
			developmentRegion = "pt-BR";
			hasScannedForEncodings = 0;
			knownRegions = (
				"pt-BR",
				en,
				es,
				Base,
			);
			mainGroup = 932EA1753006CB3D00CD22BF;
			minimizedProjectReferenceProxies = 1;
			packageReferences = (
				1A0DAB7CB312FFBD9B85C2BB /* XCRemoteSwiftPackageReference "supabase-swift" */,
			);
			preferredProjectObjectVersion = 77;
			productRefGroup = 932EA17F3006CB3D00CD22BF /* Products */;
			projectDirPath = "";
			projectRoot = "";
			targets = (
				932EA17D3006CB3D00CD22BF /* Baluarte */,
				9353B39B3011A47C00D754B7 /* BaluarteTests */,
				9353B3DD30127E2F00D754B7 /* BaluarteWidgetsExtension */,
				938AD98C302118B200314177 /* BaluarteUITests */,
			);
		};
/* End PBXProject section */

/* Begin PBXResourcesBuildPhase section */
		932EA17C3006CB3D00CD22BF /* Resources */ = {
			isa = PBXResourcesBuildPhase;
			buildActionMask = 2147483647;
			files = (
			);
			runOnlyForDeploymentPostprocessing = 0;
		};
		9353B39A3011A47C00D754B7 /* Resources */ = {
			isa = PBXResourcesBuildPhase;
			buildActionMask = 2147483647;
			files = (
			);
			runOnlyForDeploymentPostprocessing = 0;
		};
		9353B3DC30127E2F00D754B7 /* Resources */ = {
			isa = PBXResourcesBuildPhase;
			buildActionMask = 2147483647;
			files = (
			);
			runOnlyForDeploymentPostprocessing = 0;
		};
		938AD98B302118B200314177 /* Resources */ = {
			isa = PBXResourcesBuildPhase;
			buildActionMask = 2147483647;
			files = (
			);
			runOnlyForDeploymentPostprocessing = 0;
		};
/* End PBXResourcesBuildPhase section */

/* Begin PBXSourcesBuildPhase section */
		932EA17A3006CB3D00CD22BF /* Sources */ = {
			isa = PBXSourcesBuildPhase;
			buildActionMask = 2147483647;
			files = (
			);
			runOnlyForDeploymentPostprocessing = 0;
		};
		9353B3983011A47C00D754B7 /* Sources */ = {
			isa = PBXSourcesBuildPhase;
			buildActionMask = 2147483647;
			files = (
			);
			runOnlyForDeploymentPostprocessing = 0;
		};
		9353B3DA30127E2F00D754B7 /* Sources */ = {
			isa = PBXSourcesBuildPhase;
			buildActionMask = 2147483647;
			files = (
			);
			runOnlyForDeploymentPostprocessing = 0;
		};
		938AD989302118B200314177 /* Sources */ = {
			isa = PBXSourcesBuildPhase;
			buildActionMask = 2147483647;
			files = (
			);
			runOnlyForDeploymentPostprocessing = 0;
		};
/* End PBXSourcesBuildPhase section */

/* Begin PBXTargetDependency section */
		9353B3A13011A47C00D754B7 /* PBXTargetDependency */ = {
			isa = PBXTargetDependency;
			target = 932EA17D3006CB3D00CD22BF /* Baluarte */;
			targetProxy = 9353B3A03011A47C00D754B7 /* PBXContainerItemProxy */;
		};
		9353B3F130127E3100D754B7 /* PBXTargetDependency */ = {
			isa = PBXTargetDependency;
			target = 9353B3DD30127E2F00D754B7 /* BaluarteWidgetsExtension */;
			targetProxy = 9353B3F030127E3100D754B7 /* PBXContainerItemProxy */;
		};
		938AD994302118B200314177 /* PBXTargetDependency */ = {
			isa = PBXTargetDependency;
			target = 932EA17D3006CB3D00CD22BF /* Baluarte */;
			targetProxy = 938AD993302118B200314177 /* PBXContainerItemProxy */;
		};
/* End PBXTargetDependency section */

/* Begin XCBuildConfiguration section */
		932EA1873006CB3E00CD22BF /* Debug */ = {
			isa = XCBuildConfiguration;
			buildSettings = {
				ALWAYS_SEARCH_USER_PATHS = NO;
				ASSETCATALOG_COMPILER_GENERATE_SWIFT_ASSET_SYMBOL_EXTENSIONS = YES;
				CLANG_ANALYZER_NONNULL = YES;
				CLANG_ANALYZER_NUMBER_OBJECT_CONVERSION = YES_AGGRESSIVE;
				CLANG_CXX_LANGUAGE_STANDARD = "gnu++20";
				CLANG_ENABLE_MODULES = YES;
				CLANG_ENABLE_OBJC_ARC = YES;
				CLANG_ENABLE_OBJC_WEAK = YES;
				CLANG_WARN_BLOCK_CAPTURE_AUTORELEASING = YES;
				CLANG_WARN_BOOL_CONVERSION = YES;
				CLANG_WARN_COMMA = YES;
				CLANG_WARN_CONSTANT_CONVERSION = YES;
				CLANG_WARN_DEPRECATED_OBJC_IMPLEMENTATIONS = YES;
				CLANG_WARN_DIRECT_OBJC_ISA_USAGE = YES_ERROR;
				CLANG_WARN_DOCUMENTATION_COMMENTS = YES;
				CLANG_WARN_EMPTY_BODY = YES;
				CLANG_WARN_ENUM_CONVERSION = YES;
				CLANG_WARN_INFINITE_RECURSION = YES;
				CLANG_WARN_INT_CONVERSION = YES;
				CLANG_WARN_NON_LITERAL_NULL_CONVERSION = YES;
				CLANG_WARN_OBJC_IMPLICIT_RETAIN_SELF = YES;
				CLANG_WARN_OBJC_LITERAL_CONVERSION = YES;
				CLANG_WARN_OBJC_ROOT_CLASS = YES_ERROR;
				CLANG_WARN_QUOTED_INCLUDE_IN_FRAMEWORK_HEADER = YES;
				CLANG_WARN_RANGE_LOOP_ANALYSIS = YES;
				CLANG_WARN_STRICT_PROTOTYPES = YES;
				CLANG_WARN_SUSPICIOUS_MOVE = YES;
				CLANG_WARN_UNGUARDED_AVAILABILITY = YES_AGGRESSIVE;
				CLANG_WARN_UNREACHABLE_CODE = YES;
				CLANG_WARN__DUPLICATE_METHOD_MATCH = YES;
				COPY_PHASE_STRIP = NO;
				DEBUG_INFORMATION_FORMAT = dwarf;
				DEVELOPMENT_TEAM = 2U54MVQ5ZR;
				ENABLE_STRICT_OBJC_MSGSEND = YES;
				ENABLE_TESTABILITY = YES;
				ENABLE_USER_SCRIPT_SANDBOXING = YES;
				GCC_C_LANGUAGE_STANDARD = gnu17;
				GCC_DYNAMIC_NO_PIC = NO;
				GCC_NO_COMMON_BLOCKS = YES;
				GCC_OPTIMIZATION_LEVEL = 0;
				GCC_PREPROCESSOR_DEFINITIONS = (
					"DEBUG=1",
					"$(inherited)",
				);
				GCC_WARN_64_TO_32_BIT_CONVERSION = YES;
				GCC_WARN_ABOUT_RETURN_TYPE = YES_ERROR;
				GCC_WARN_UNDECLARED_SELECTOR = YES;
				GCC_WARN_UNINITIALIZED_AUTOS = YES_AGGRESSIVE;
				GCC_WARN_UNUSED_FUNCTION = YES;
				GCC_WARN_UNUSED_VARIABLE = YES;
				IPHONEOS_DEPLOYMENT_TARGET = 26.5;
				LOCALIZATION_PREFERS_STRING_CATALOGS = YES;
				MTL_ENABLE_DEBUG_INFO = INCLUDE_SOURCE;
				MTL_FAST_MATH = YES;
				ONLY_ACTIVE_ARCH = YES;
				SDKROOT = iphoneos;
				SWIFT_ACTIVE_COMPILATION_CONDITIONS = "DEBUG $(inherited)";
				SWIFT_OPTIMIZATION_LEVEL = "-Onone";
			};
			name = Debug;
		};
		932EA1883006CB3E00CD22BF /* Release */ = {
			isa = XCBuildConfiguration;
			buildSettings = {
				ALWAYS_SEARCH_USER_PATHS = NO;
				ASSETCATALOG_COMPILER_GENERATE_SWIFT_ASSET_SYMBOL_EXTENSIONS = YES;
				CLANG_ANALYZER_NONNULL = YES;
				CLANG_ANALYZER_NUMBER_OBJECT_CONVERSION = YES_AGGRESSIVE;
				CLANG_CXX_LANGUAGE_STANDARD = "gnu++20";
				CLANG_ENABLE_MODULES = YES;
				CLANG_ENABLE_OBJC_ARC = YES;
				CLANG_ENABLE_OBJC_WEAK = YES;
				CLANG_WARN_BLOCK_CAPTURE_AUTORELEASING = YES;
				CLANG_WARN_BOOL_CONVERSION = YES;
				CLANG_WARN_COMMA = YES;
				CLANG_WARN_CONSTANT_CONVERSION = YES;
				CLANG_WARN_DEPRECATED_OBJC_IMPLEMENTATIONS = YES;
				CLANG_WARN_DIRECT_OBJC_ISA_USAGE = YES_ERROR;
				CLANG_WARN_DOCUMENTATION_COMMENTS = YES;
				CLANG_WARN_EMPTY_BODY = YES;
				CLANG_WARN_ENUM_CONVERSION = YES;
				CLANG_WARN_INFINITE_RECURSION = YES;
				CLANG_WARN_INT_CONVERSION = YES;
				CLANG_WARN_NON_LITERAL_NULL_CONVERSION = YES;
				CLANG_WARN_OBJC_IMPLICIT_RETAIN_SELF = YES;
				CLANG_WARN_OBJC_LITERAL_CONVERSION = YES;
				CLANG_WARN_OBJC_ROOT_CLASS = YES_ERROR;
				CLANG_WARN_QUOTED_INCLUDE_IN_FRAMEWORK_HEADER = YES;
				CLANG_WARN_RANGE_LOOP_ANALYSIS = YES;
				CLANG_WARN_STRICT_PROTOTYPES = YES;
				CLANG_WARN_SUSPICIOUS_MOVE = YES;
				CLANG_WARN_UNGUARDED_AVAILABILITY = YES_AGGRESSIVE;
				CLANG_WARN_UNREACHABLE_CODE = YES;
				CLANG_WARN__DUPLICATE_METHOD_MATCH = YES;
				COPY_PHASE_STRIP = NO;
				DEBUG_INFORMATION_FORMAT = "dwarf-with-dsym";
				DEVELOPMENT_TEAM = 2U54MVQ5ZR;
				ENABLE_NS_ASSERTIONS = NO;
				ENABLE_STRICT_OBJC_MSGSEND = YES;
				ENABLE_USER_SCRIPT_SANDBOXING = YES;
				GCC_C_LANGUAGE_STANDARD = gnu17;
				GCC_NO_COMMON_BLOCKS = YES;
				GCC_WARN_64_TO_32_BIT_CONVERSION = YES;
				GCC_WARN_ABOUT_RETURN_TYPE = YES_ERROR;
				GCC_WARN_UNDECLARED_SELECTOR = YES;
				GCC_WARN_UNINITIALIZED_AUTOS = YES_AGGRESSIVE;
				GCC_WARN_UNUSED_FUNCTION = YES;
				GCC_WARN_UNUSED_VARIABLE = YES;
				IPHONEOS_DEPLOYMENT_TARGET = 26.5;
				LOCALIZATION_PREFERS_STRING_CATALOGS = YES;
				MTL_ENABLE_DEBUG_INFO = NO;
				MTL_FAST_MATH = YES;
				SDKROOT = iphoneos;
				SWIFT_COMPILATION_MODE = wholemodule;
				VALIDATE_PRODUCT = YES;
			};
			name = Release;
		};
		932EA18A3006CB3E00CD22BF /* Debug */ = {
			isa = XCBuildConfiguration;
			buildSettings = {
				ASSETCATALOG_COMPILER_APPICON_NAME = AppIcon;
				ASSETCATALOG_COMPILER_GLOBAL_ACCENT_COLOR_NAME = AccentColor;
				ASSETCATALOG_COMPILER_INCLUDE_ALL_APPICON_ASSETS = YES;
				CODE_SIGN_ENTITLEMENTS = Baluarte/Baluarte.entitlements;
				CODE_SIGN_STYLE = Automatic;
				CURRENT_PROJECT_VERSION = 1;
				DEVELOPMENT_TEAM = 2U54MVQ5ZR;
				ENABLE_PREVIEWS = YES;
				GENERATE_INFOPLIST_FILE = YES;
				INFOPLIST_FILE = "Baluarte-Info.plist";
				INFOPLIST_KEY_CFBundleDisplayName = Baluarte;
				INFOPLIST_KEY_ITSAppUsesNonExemptEncryption = NO;
				INFOPLIST_KEY_LSApplicationCategoryType = "public.app-category.productivity";
				INFOPLIST_KEY_NSCalendarsFullAccessUsageDescription = "We need access to add the institution's events directly to your native calendar.";
				INFOPLIST_KEY_NSCalendarsWriteOnlyAccessUsageDescription = "We need access to add the institution's events directly to your native calendar.";
				INFOPLIST_KEY_UIApplicationSceneManifest_Generation = YES;
				INFOPLIST_KEY_UIApplicationSupportsIndirectInputEvents = YES;
				INFOPLIST_KEY_UISupportedInterfaceOrientations = UIInterfaceOrientationPortrait;
				INFOPLIST_KEY_UISupportedInterfaceOrientations_iPad = "UIInterfaceOrientationLandscapeLeft UIInterfaceOrientationLandscapeRight UIInterfaceOrientationPortrait UIInterfaceOrientationPortraitUpsideDown";
				IPHONEOS_DEPLOYMENT_TARGET = 26.0;
				LD_RUNPATH_SEARCH_PATHS = (
					"$(inherited)",
					"@executable_path/Frameworks",
				);
				MARKETING_VERSION = 1.1.0;
				PRODUCT_BUNDLE_IDENTIFIER = com.kowa.baluarte;
				PRODUCT_NAME = "$(TARGET_NAME)";
				STRING_CATALOG_GENERATE_SYMBOLS = YES;
				SUPPORTED_PLATFORMS = "iphoneos iphonesimulator";
				SUPPORTS_MACCATALYST = NO;
				SUPPORTS_MAC_DESIGNED_FOR_IPHONE_IPAD = NO;
				SUPPORTS_XR_DESIGNED_FOR_IPHONE_IPAD = NO;
				SWIFT_APPROACHABLE_CONCURRENCY = YES;
				SWIFT_DEFAULT_ACTOR_ISOLATION = MainActor;
				SWIFT_EMIT_LOC_STRINGS = YES;
				SWIFT_UPCOMING_FEATURE_MEMBER_IMPORT_VISIBILITY = YES;
				SWIFT_VERSION = 5.0;
				TARGETED_DEVICE_FAMILY = 1;
			};
			name = Debug;
		};
		932EA18B3006CB3E00CD22BF /* Release */ = {
			isa = XCBuildConfiguration;
			buildSettings = {
				ASSETCATALOG_COMPILER_APPICON_NAME = AppIcon;
				ASSETCATALOG_COMPILER_GLOBAL_ACCENT_COLOR_NAME = AccentColor;
				ASSETCATALOG_COMPILER_INCLUDE_ALL_APPICON_ASSETS = YES;
				CODE_SIGN_ENTITLEMENTS = Baluarte/Baluarte.entitlements;
				CODE_SIGN_STYLE = Automatic;
				CURRENT_PROJECT_VERSION = 1;
				DEVELOPMENT_TEAM = 2U54MVQ5ZR;
				ENABLE_PREVIEWS = YES;
				GENERATE_INFOPLIST_FILE = YES;
				INFOPLIST_FILE = "Baluarte-Info.plist";
				INFOPLIST_KEY_CFBundleDisplayName = Baluarte;
				INFOPLIST_KEY_ITSAppUsesNonExemptEncryption = NO;
				INFOPLIST_KEY_LSApplicationCategoryType = "public.app-category.productivity";
				INFOPLIST_KEY_NSCalendarsFullAccessUsageDescription = "We need access to add the institution's events directly to your native calendar.";
				INFOPLIST_KEY_NSCalendarsWriteOnlyAccessUsageDescription = "We need access to add the institution's events directly to your native calendar.";
				INFOPLIST_KEY_UIApplicationSceneManifest_Generation = YES;
				INFOPLIST_KEY_UIApplicationSupportsIndirectInputEvents = YES;
				INFOPLIST_KEY_UISupportedInterfaceOrientations = UIInterfaceOrientationPortrait;
				INFOPLIST_KEY_UISupportedInterfaceOrientations_iPad = "UIInterfaceOrientationLandscapeLeft UIInterfaceOrientationLandscapeRight UIInterfaceOrientationPortrait UIInterfaceOrientationPortraitUpsideDown";
				IPHONEOS_DEPLOYMENT_TARGET = 26.0;
				LD_RUNPATH_SEARCH_PATHS = (
					"$(inherited)",
					"@executable_path/Frameworks",
				);
				MARKETING_VERSION = 1.1.0;
				PRODUCT_BUNDLE_IDENTIFIER = com.kowa.baluarte;
				PRODUCT_NAME = "$(TARGET_NAME)";
				STRING_CATALOG_GENERATE_SYMBOLS = YES;
				SUPPORTED_PLATFORMS = "iphoneos iphonesimulator";
				SUPPORTS_MACCATALYST = NO;
				SUPPORTS_MAC_DESIGNED_FOR_IPHONE_IPAD = NO;
				SUPPORTS_XR_DESIGNED_FOR_IPHONE_IPAD = NO;
				SWIFT_APPROACHABLE_CONCURRENCY = YES;
				SWIFT_DEFAULT_ACTOR_ISOLATION = MainActor;
				SWIFT_EMIT_LOC_STRINGS = YES;
				SWIFT_UPCOMING_FEATURE_MEMBER_IMPORT_VISIBILITY = YES;
				SWIFT_VERSION = 5.0;
				TARGETED_DEVICE_FAMILY = 1;
			};
			name = Release;
		};
		9353B3A33011A47C00D754B7 /* Debug */ = {
			isa = XCBuildConfiguration;
			buildSettings = {
				BUNDLE_LOADER = "$(TEST_HOST)";
				CODE_SIGN_STYLE = Automatic;
				CURRENT_PROJECT_VERSION = 1;
				DEVELOPMENT_TEAM = 2U54MVQ5ZR;
				GENERATE_INFOPLIST_FILE = YES;
				IPHONEOS_DEPLOYMENT_TARGET = 26.0;
				MARKETING_VERSION = 1.0;
				PRODUCT_BUNDLE_IDENTIFIER = com.kowa.baluarte.tests;
				PRODUCT_NAME = "$(TARGET_NAME)";
				STRING_CATALOG_GENERATE_SYMBOLS = NO;
				SUPPORTED_PLATFORMS = "iphoneos iphonesimulator";
				SUPPORTS_MACCATALYST = NO;
				SUPPORTS_MAC_DESIGNED_FOR_IPHONE_IPAD = NO;
				SUPPORTS_XR_DESIGNED_FOR_IPHONE_IPAD = NO;
				SWIFT_APPROACHABLE_CONCURRENCY = YES;
				SWIFT_EMIT_LOC_STRINGS = NO;
				SWIFT_UPCOMING_FEATURE_MEMBER_IMPORT_VISIBILITY = YES;
				SWIFT_VERSION = 5.0;
				TARGETED_DEVICE_FAMILY = 1;
				TEST_HOST = "$(BUILT_PRODUCTS_DIR)/Baluarte.app/$(BUNDLE_EXECUTABLE_FOLDER_PATH)/Baluarte";
			};
			name = Debug;
		};
		9353B3A43011A47C00D754B7 /* Release */ = {
			isa = XCBuildConfiguration;
			buildSettings = {
				BUNDLE_LOADER = "$(TEST_HOST)";
				CODE_SIGN_STYLE = Automatic;
				CURRENT_PROJECT_VERSION = 1;
				DEVELOPMENT_TEAM = 2U54MVQ5ZR;
				GENERATE_INFOPLIST_FILE = YES;
				IPHONEOS_DEPLOYMENT_TARGET = 26.0;
				MARKETING_VERSION = 1.0;
				PRODUCT_BUNDLE_IDENTIFIER = com.kowa.baluarte.tests;
				PRODUCT_NAME = "$(TARGET_NAME)";
				STRING_CATALOG_GENERATE_SYMBOLS = NO;
				SUPPORTED_PLATFORMS = "iphoneos iphonesimulator";
				SUPPORTS_MACCATALYST = NO;
				SUPPORTS_MAC_DESIGNED_FOR_IPHONE_IPAD = NO;
				SUPPORTS_XR_DESIGNED_FOR_IPHONE_IPAD = NO;
				SWIFT_APPROACHABLE_CONCURRENCY = YES;
				SWIFT_EMIT_LOC_STRINGS = NO;
				SWIFT_UPCOMING_FEATURE_MEMBER_IMPORT_VISIBILITY = YES;
				SWIFT_VERSION = 5.0;
				TARGETED_DEVICE_FAMILY = 1;
				TEST_HOST = "$(BUILT_PRODUCTS_DIR)/Baluarte.app/$(BUNDLE_EXECUTABLE_FOLDER_PATH)/Baluarte";
			};
			name = Release;
		};
		9353B3F530127E3100D754B7 /* Debug */ = {
			isa = XCBuildConfiguration;
			buildSettings = {
				ASSETCATALOG_COMPILER_GLOBAL_ACCENT_COLOR_NAME = AccentColor;
				ASSETCATALOG_COMPILER_WIDGET_BACKGROUND_COLOR_NAME = WidgetBackground;
				CODE_SIGN_ENTITLEMENTS = BaluarteWidgetsExtension.entitlements;
				CODE_SIGN_STYLE = Automatic;
				CURRENT_PROJECT_VERSION = 1;
				DEVELOPMENT_TEAM = 2U54MVQ5ZR;
				GENERATE_INFOPLIST_FILE = YES;
				INFOPLIST_FILE = BaluarteWidgets/Info.plist;
				INFOPLIST_KEY_CFBundleDisplayName = Baluarte;
				INFOPLIST_KEY_NSHumanReadableCopyright = "";
				IPHONEOS_DEPLOYMENT_TARGET = 26.0;
				LD_RUNPATH_SEARCH_PATHS = (
					"$(inherited)",
					"@executable_path/Frameworks",
					"@executable_path/../../Frameworks",
				);
				MARKETING_VERSION = 1.1.0;
				PRODUCT_BUNDLE_IDENTIFIER = com.kowa.baluarte.widgets;
				PRODUCT_NAME = "$(TARGET_NAME)";
				SKIP_INSTALL = YES;
				STRING_CATALOG_GENERATE_SYMBOLS = YES;
				SUPPORTED_PLATFORMS = "iphoneos iphonesimulator";
				SUPPORTS_MACCATALYST = NO;
				SUPPORTS_MAC_DESIGNED_FOR_IPHONE_IPAD = NO;
				SUPPORTS_XR_DESIGNED_FOR_IPHONE_IPAD = NO;
				SWIFT_APPROACHABLE_CONCURRENCY = YES;
				SWIFT_EMIT_LOC_STRINGS = YES;
				SWIFT_UPCOMING_FEATURE_MEMBER_IMPORT_VISIBILITY = YES;
				SWIFT_VERSION = 5.0;
				TARGETED_DEVICE_FAMILY = 1;
			};
			name = Debug;
		};
		9353B3F630127E3100D754B7 /* Release */ = {
			isa = XCBuildConfiguration;
			buildSettings = {
				ASSETCATALOG_COMPILER_GLOBAL_ACCENT_COLOR_NAME = AccentColor;
				ASSETCATALOG_COMPILER_WIDGET_BACKGROUND_COLOR_NAME = WidgetBackground;
				CODE_SIGN_ENTITLEMENTS = BaluarteWidgetsExtension.entitlements;
				CODE_SIGN_STYLE = Automatic;
				CURRENT_PROJECT_VERSION = 1;
				DEVELOPMENT_TEAM = 2U54MVQ5ZR;
				GENERATE_INFOPLIST_FILE = YES;
				INFOPLIST_FILE = BaluarteWidgets/Info.plist;
				INFOPLIST_KEY_CFBundleDisplayName = Baluarte;
				INFOPLIST_KEY_NSHumanReadableCopyright = "";
				IPHONEOS_DEPLOYMENT_TARGET = 26.0;
				LD_RUNPATH_SEARCH_PATHS = (
					"$(inherited)",
					"@executable_path/Frameworks",
					"@executable_path/../../Frameworks",
				);
				MARKETING_VERSION = 1.1.0;
				PRODUCT_BUNDLE_IDENTIFIER = com.kowa.baluarte.widgets;
				PRODUCT_NAME = "$(TARGET_NAME)";
				SKIP_INSTALL = YES;
				STRING_CATALOG_GENERATE_SYMBOLS = YES;
				SUPPORTED_PLATFORMS = "iphoneos iphonesimulator";
				SUPPORTS_MACCATALYST = NO;
				SUPPORTS_MAC_DESIGNED_FOR_IPHONE_IPAD = NO;
				SUPPORTS_XR_DESIGNED_FOR_IPHONE_IPAD = NO;
				SWIFT_APPROACHABLE_CONCURRENCY = YES;
				SWIFT_EMIT_LOC_STRINGS = YES;
				SWIFT_UPCOMING_FEATURE_MEMBER_IMPORT_VISIBILITY = YES;
				SWIFT_VERSION = 5.0;
				TARGETED_DEVICE_FAMILY = 1;
			};
			name = Release;
		};
		938AD996302118B200314177 /* Debug */ = {
			isa = XCBuildConfiguration;
			buildSettings = {
				CODE_SIGN_STYLE = Automatic;
				CURRENT_PROJECT_VERSION = 1;
				DEVELOPMENT_TEAM = 2U54MVQ5ZR;
				GENERATE_INFOPLIST_FILE = YES;
				IPHONEOS_DEPLOYMENT_TARGET = 26.0;
				MARKETING_VERSION = 1.0;
				PRODUCT_BUNDLE_IDENTIFIER = com.kowa.baluarte.uitests;
				PRODUCT_NAME = "$(TARGET_NAME)";
				STRING_CATALOG_GENERATE_SYMBOLS = NO;
				SUPPORTED_PLATFORMS = "iphoneos iphonesimulator";
				SUPPORTS_MACCATALYST = NO;
				SUPPORTS_MAC_DESIGNED_FOR_IPHONE_IPAD = NO;
				SUPPORTS_XR_DESIGNED_FOR_IPHONE_IPAD = NO;
				SWIFT_APPROACHABLE_CONCURRENCY = YES;
				SWIFT_EMIT_LOC_STRINGS = NO;
				SWIFT_UPCOMING_FEATURE_MEMBER_IMPORT_VISIBILITY = YES;
				SWIFT_VERSION = 5.0;
				TARGETED_DEVICE_FAMILY = 1;
				TEST_TARGET_NAME = Baluarte;
			};
			name = Debug;
		};
		938AD997302118B200314177 /* Release */ = {
			isa = XCBuildConfiguration;
			buildSettings = {
				CODE_SIGN_STYLE = Automatic;
				CURRENT_PROJECT_VERSION = 1;
				DEVELOPMENT_TEAM = 2U54MVQ5ZR;
				GENERATE_INFOPLIST_FILE = YES;
				IPHONEOS_DEPLOYMENT_TARGET = 26.0;
				MARKETING_VERSION = 1.0;
				PRODUCT_BUNDLE_IDENTIFIER = com.kowa.baluarte.uitests;
				PRODUCT_NAME = "$(TARGET_NAME)";
				STRING_CATALOG_GENERATE_SYMBOLS = NO;
				SUPPORTED_PLATFORMS = "iphoneos iphonesimulator";
				SUPPORTS_MACCATALYST = NO;
				SUPPORTS_MAC_DESIGNED_FOR_IPHONE_IPAD = NO;
				SUPPORTS_XR_DESIGNED_FOR_IPHONE_IPAD = NO;
				SWIFT_APPROACHABLE_CONCURRENCY = YES;
				SWIFT_EMIT_LOC_STRINGS = NO;
				SWIFT_UPCOMING_FEATURE_MEMBER_IMPORT_VISIBILITY = YES;
				SWIFT_VERSION = 5.0;
				TARGETED_DEVICE_FAMILY = 1;
				TEST_TARGET_NAME = Baluarte;
			};
			name = Release;
		};
/* End XCBuildConfiguration section */

/* Begin XCConfigurationList section */
		932EA1793006CB3D00CD22BF /* Build configuration list for PBXProject "Baluarte" */ = {
			isa = XCConfigurationList;
			buildConfigurations = (
				932EA1873006CB3E00CD22BF /* Debug */,
				932EA1883006CB3E00CD22BF /* Release */,
			);
			defaultConfigurationIsVisible = 0;
			defaultConfigurationName = Release;
		};
		932EA1893006CB3E00CD22BF /* Build configuration list for PBXNativeTarget "Baluarte" */ = {
			isa = XCConfigurationList;
			buildConfigurations = (
				932EA18A3006CB3E00CD22BF /* Debug */,
				932EA18B3006CB3E00CD22BF /* Release */,
			);
			defaultConfigurationIsVisible = 0;
			defaultConfigurationName = Release;
		};
		9353B3A23011A47C00D754B7 /* Build configuration list for PBXNativeTarget "BaluarteTests" */ = {
			isa = XCConfigurationList;
			buildConfigurations = (
				9353B3A33011A47C00D754B7 /* Debug */,
				9353B3A43011A47C00D754B7 /* Release */,
			);
			defaultConfigurationIsVisible = 0;
			defaultConfigurationName = Release;
		};
		9353B3F430127E3100D754B7 /* Build configuration list for PBXNativeTarget "BaluarteWidgetsExtension" */ = {
			isa = XCConfigurationList;
			buildConfigurations = (
				9353B3F530127E3100D754B7 /* Debug */,
				9353B3F630127E3100D754B7 /* Release */,
			);
			defaultConfigurationIsVisible = 0;
			defaultConfigurationName = Release;
		};
		938AD995302118B200314177 /* Build configuration list for PBXNativeTarget "BaluarteUITests" */ = {
			isa = XCConfigurationList;
			buildConfigurations = (
				938AD996302118B200314177 /* Debug */,
				938AD997302118B200314177 /* Release */,
			);
			defaultConfigurationIsVisible = 0;
			defaultConfigurationName = Release;
		};
/* End XCConfigurationList section */

/* Begin XCRemoteSwiftPackageReference section */
		1A0DAB7CB312FFBD9B85C2BB /* XCRemoteSwiftPackageReference "supabase-swift" */ = {
			isa = XCRemoteSwiftPackageReference;
			repositoryURL = "https://github.com/supabase/supabase-swift";
			requirement = {
				kind = upToNextMajorVersion;
				minimumVersion = 2.49.0;
			};
			traits = (
			);
		};
/* End XCRemoteSwiftPackageReference section */

/* Begin XCSwiftPackageProductDependency section */
		0D227F8247D2E027CD98DB6A /* Supabase */ = {
			isa = XCSwiftPackageProductDependency;
			package = 1A0DAB7CB312FFBD9B85C2BB /* XCRemoteSwiftPackageReference "supabase-swift" */;
			productName = Supabase;
		};
/* End XCSwiftPackageProductDependency section */
	};
	rootObject = 932EA1763006CB3D00CD22BF /* Project object */;
}
